// !$*UTF8*$!
{
	archiveVersion = 1;
	classes = {
	};
	objectVersion = 46;
	objects = {

/* Begin PBXBuildFile section */
		6443523C1B6ED90700C76823 /* main.cpp in Sources */ = {isa = PBXBuildFile; fileRef = 644352391B6ED90700C76823 /* main.cpp */; };
		6443523D1B6ED90700C76823 /* ofApp.cpp in Sources */ = {isa = PBXBuildFile; fileRef = 6443523A1B6ED90700C76823 /* ofApp.cpp */; };
		644352481B6ED9A000C76823 /* openFrameworksDebug.a in Frameworks */ = {isa = PBXBuildFile; fileRef = 644352441B6ED92C00C76823 /* openFrameworksDebug.a */; };
		6470BE3E1B6EDA7D008C52C5 /* ofxScreenLoggerChannel.cpp in Sources */ = {isa = PBXBuildFile; fileRef = 6470BE391B6EDA7D008C52C5 /* ofxScreenLoggerChannel.cpp */; };
/* End PBXBuildFile section */

/* Begin PBXContainerItemProxy section */
		644352431B6ED92C00C76823 /* PBXContainerItemProxy */ = {
			isa = PBXContainerItemProxy;
			containerPortal = 6443523F1B6ED92C00C76823 /* openFrameworksLib.xcodeproj */;
			proxyType = 2;
			remoteGlobalIDString = E4B27C1510CBEB8E00536013;
			remoteInfo = openFrameworks;
		};
		644352461B6ED99C00C76823 /* PBXContainerItemProxy */ = {
			isa = PBXContainerItemProxy;
			containerPortal = 6443523F1B6ED92C00C76823 /* openFrameworksLib.xcodeproj */;
			proxyType = 1;
			remoteGlobalIDString = E4B27C1410CBEB8E00536013;
			remoteInfo = openFrameworks;
		};
/* End PBXContainerItemProxy section */

/* Begin PBXCopyFilesBuildPhase section */
		E4C2427710CC5ABF004149E2 /* CopyFiles */ = {
			isa = PBXCopyFilesBuildPhase;
			buildActionMask = 2147483647;
			dstPath = "";
			dstSubfolderSpec = 10;
			files = (
			);
			runOnlyForDeploymentPostprocessing = 0;
		};
/* End PBXCopyFilesBuildPhase section */

/* Begin PBXFileReference section */
		644352391B6ED90700C76823 /* main.cpp */ = {isa = PBXFileReference; fileEncoding = 4; lastKnownFileType = sourcecode.cpp.cpp; path = main.cpp; sourceTree = "<group>"; };
		6443523A1B6ED90700C76823 /* ofApp.cpp */ = {isa = PBXFileReference; fileEncoding = 4; lastKnownFileType = sourcecode.cpp.cpp; path = ofApp.cpp; sourceTree = "<group>"; };
		6443523B1B6ED90700C76823 /* ofApp.h */ = {isa = PBXFileReference; fileEncoding = 4; lastKnownFileType = sourcecode.c.h; path = ofApp.h; sourceTree = "<group>"; };
		6443523F1B6ED92C00C76823 /* openFrameworksLib.xcodeproj */ = {isa = PBXFileReference; lastKnownFileType = "wrapper.pb-project"; name = openFrameworksLib.xcodeproj; path = ../../../libs/openFrameworksCompiled/project/osx/openFrameworksLib.xcodeproj; sourceTree = "<group>"; };
		644352451B6ED93E00C76823 /* CoreOF.xcconfig */ = {isa = PBXFileReference; fileEncoding = 4; lastKnownFileType = text.xcconfig; name = CoreOF.xcconfig; path = ../../../libs/openFrameworksCompiled/project/osx/CoreOF.xcconfig; sourceTree = "<group>"; };
		6470BE391B6EDA7D008C52C5 /* ofxScreenLoggerChannel.cpp */ = {isa = PBXFileReference; fileEncoding = 4; lastKnownFileType = sourcecode.cpp.cpp; path = ofxScreenLoggerChannel.cpp; sourceTree = "<group>"; };
		6470BE3A1B6EDA7D008C52C5 /* ofxScreenLoggerChannel.h */ = {isa = PBXFileReference; fileEncoding = 4; lastKnownFileType = sourcecode.c.h; path = ofxScreenLoggerChannel.h; sourceTree = "<group>"; };
		E4B69B5B0A3A1756003C02F2 /* example-ScreenLoggerChannelDebug.app */ = {isa = PBXFileReference; explicitFileType = wrapper.application; includeInIndex = 0; path = "example-ScreenLoggerChannelDebug.app"; sourceTree = BUILT_PRODUCTS_DIR; };
		E4B6FCAD0C3E899E008CF71C /* openFrameworks-Info.plist */ = {isa = PBXFileReference; fileEncoding = 30; lastKnownFileType = text.plist.xml; path = "openFrameworks-Info.plist"; sourceTree = "<group>"; };
		E4EB6923138AFD0F00A09F29 /* Project.xcconfig */ = {isa = PBXFileReference; fileEncoding = 4; lastKnownFileType = text.xcconfig; path = Project.xcconfig; sourceTree = "<group>"; };
/* End PBXFileReference section */

/* Begin PBXFrameworksBuildPhase section */
		E4B69B590A3A1756003C02F2 /* Frameworks */ = {
			isa = PBXFrameworksBuildPhase;
			buildActionMask = 2147483647;
			files = (
				644352481B6ED9A000C76823 /* openFrameworksDebug.a in Frameworks */,
			);
			runOnlyForDeploymentPostprocessing = 0;
		};
/* End PBXFrameworksBuildPhase section */

/* Begin PBXGroup section */
		644352401B6ED92C00C76823 /* Products */ = {
			isa = PBXGroup;
			children = (
				644352441B6ED92C00C76823 /* openFrameworksDebug.a */,
			);
			name = Products;
			sourceTree = "<group>";
		};
		6470BE281B6EDA7D008C52C5 /* ofxScreenLoggerChannel */ = {
			isa = PBXGroup;
			children = (
				6470BE381B6EDA7D008C52C5 /* src */,
			);
			name = ofxScreenLoggerChannel;
			path = ..;
			sourceTree = "<group>";
		};
		6470BE381B6EDA7D008C52C5 /* src */ = {
			isa = PBXGroup;
			children = (
				6470BE391B6EDA7D008C52C5 /* ofxScreenLoggerChannel.cpp */,
				6470BE3A1B6EDA7D008C52C5 /* ofxScreenLoggerChannel.h */,
			);
			path = src;
			sourceTree = "<group>";
		};
		BB4B014C10F69532006C3DED /* addons */ = {
			isa = PBXGroup;
			children = (
				6470BE281B6EDA7D008C52C5 /* ofxScreenLoggerChannel */,
			);
			name = addons;
			sourceTree = "<group>";
		};
		E4B69B4A0A3A1720003C02F2 = {
			isa = PBXGroup;
			children = (
				E4B6FCAD0C3E899E008CF71C /* openFrameworks-Info.plist */,
				E4EB6923138AFD0F00A09F29 /* Project.xcconfig */,
				E4B69E1C0A3A1BDC003C02F2 /* src */,
				E4EEC9E9138DF44700A80321 /* openFrameworks */,
				BB4B014C10F69532006C3DED /* addons */,
				E4B69B5B0A3A1756003C02F2 /* example-ScreenLoggerChannelDebug.app */,
			);
			sourceTree = "<group>";
		};
		E4B69E1C0A3A1BDC003C02F2 /* src */ = {
			isa = PBXGroup;
			children = (
				644352391B6ED90700C76823 /* main.cpp */,
				6443523A1B6ED90700C76823 /* ofApp.cpp */,
				6443523B1B6ED90700C76823 /* ofApp.h */,
			);
			path = src;
			sourceTree = SOURCE_ROOT;
		};
		E4EEC9E9138DF44700A80321 /* openFrameworks */ = {
			isa = PBXGroup;
			children = (
				644352451B6ED93E00C76823 /* CoreOF.xcconfig */,
				6443523F1B6ED92C00C76823 /* openFrameworksLib.xcodeproj */,
			);
			name = openFrameworks;
			sourceTree = "<group>";
		};
/* End PBXGroup section */

/* Begin PBXNativeTarget section */
		E4B69B5A0A3A1756003C02F2 /* example-ScreenLoggerChannel */ = {
			isa = PBXNativeTarget;
			buildConfigurationList = E4B69B5F0A3A1757003C02F2 /* Build configuration list for PBXNativeTarget "example-ScreenLoggerChannel" */;
			buildPhases = (
				E4B69B580A3A1756003C02F2 /* Sources */,
				E4B69B590A3A1756003C02F2 /* Frameworks */,
				E4B6FFFD0C3F9AB9008CF71C /* ShellScript */,
				E4C2427710CC5ABF004149E2 /* CopyFiles */,
			);
			buildRules = (
			);
			dependencies = (
				644352471B6ED99C00C76823 /* PBXTargetDependency */,
			);
			name = "example-ScreenLoggerChannel";
			productName = myOFApp;
			productReference = E4B69B5B0A3A1756003C02F2 /* example-ScreenLoggerChannelDebug.app */;
			productType = "com.apple.product-type.application";
		};
/* End PBXNativeTarget section */

/* Begin PBXProject section */
		E4B69B4C0A3A1720003C02F2 /* Project object */ = {
			isa = PBXProject;
			attributes = {
				LastUpgradeCheck = 0600;
			};
			buildConfigurationList = E4B69B4D0A3A1720003C02F2 /* Build configuration list for PBXProject "example-ScreenLoggerChannel" */;
			compatibilityVersion = "Xcode 3.2";
			developmentRegion = English;
			hasScannedForEncodings = 0;
			knownRegions = (
				English,
				Japanese,
				French,
				German,
			);
			mainGroup = E4B69B4A0A3A1720003C02F2;
			productRefGroup = E4B69B4A0A3A1720003C02F2;
			projectDirPath = "";
			projectReferences = (
				{
					ProductGroup = 644352401B6ED92C00C76823 /* Products */;
					ProjectRef = 6443523F1B6ED92C00C76823 /* openFrameworksLib.xcodeproj */;
				},
			);
			projectRoot = "";
			targets = (
				E4B69B5A0A3A1756003C02F2 /* example-ScreenLoggerChannel */,
			);
		};
/* End PBXProject section */

/* Begin PBXReferenceProxy section */
		644352441B6ED92C00C76823 /* openFrameworksDebug.a */ = {
			isa = PBXReferenceProxy;
			fileType = archive.ar;
			path = openFrameworksDebug.a;
			remoteRef = 644352431B6ED92C00C76823 /* PBXContainerItemProxy */;
			sourceTree = BUILT_PRODUCTS_DIR;
		};
/* End PBXReferenceProxy section */

/* Begin PBXShellScriptBuildPhase section */
		E4B6FFFD0C3F9AB9008CF71C /* ShellScript */ = {
			isa = PBXShellScriptBuildPhase;
			buildActionMask = 2147483647;
			files = (
			);
			inputPaths = (
			);
			outputPaths = (
			);
			runOnlyForDeploymentPostprocessing = 0;
			shellPath = /bin/sh;
			shellScript = "rsync -aved $OF_PATH/libs/fmodex/lib/osx/libfmodex.dylib \"$TARGET_BUILD_DIR/$PRODUCT_NAME.app/Contents/MacOS/\"; install_name_tool -change ./libfmodex.dylib @executable_path/libfmodex.dylib \"$TARGET_BUILD_DIR/$PRODUCT_NAME.app/Contents/MacOS/$PRODUCT_NAME\";\nmkdir -p \"$TARGET_BUILD_DIR/$PRODUCT_NAME.app/Contents/Resources/\"\nrsync -aved \"$ICON_FILE\" \"$TARGET_BUILD_DIR/$PRODUCT_NAME.app/Contents/Resources/\"\n";
		};
/* End PBXShellScriptBuildPhase section */

/* Begin PBXSourcesBuildPhase section */
		E4B69B580A3A1756003C02F2 /* Sources */ = {
			isa = PBXSourcesBuildPhase;
			buildActionMask = 2147483647;
			files = (
				6443523C1B6ED90700C76823 /* main.cpp in Sources */,
				6443523D1B6ED90700C76823 /* ofApp.cpp in Sources */,
				6470BE3E1B6EDA7D008C52C5 /* ofxScreenLoggerChannel.cpp in Sources */,
			);
			runOnlyForDeploymentPostprocessing = 0;
		};
/* End PBXSourcesBuildPhase section */

/* Begin PBXTargetDependency section */
		644352471B6ED99C00C76823 /* PBXTargetDependency */ = {
			isa = PBXTargetDependency;
			name = openFrameworks;
			targetProxy = 644352461B6ED99C00C76823 /* PBXContainerItemProxy */;
		};
/* End PBXTargetDependency section */

/* Begin XCBuildConfiguration section */
		E4B69B4E0A3A1720003C02F2 /* Debug */ = {
			isa = XCBuildConfiguration;
			buildSettings = {
				CONFIGURATION_BUILD_DIR = "$(SRCROOT)/bin/";
				COPY_PHASE_STRIP = NO;
				DEAD_CODE_STRIPPING = YES;
				GCC_AUTO_VECTORIZATION = YES;
				GCC_ENABLE_SSE3_EXTENSIONS = YES;
				GCC_ENABLE_SUPPLEMENTAL_SSE3_INSTRUCTIONS = YES;
				GCC_INLINES_ARE_PRIVATE_EXTERN = NO;
				GCC_OPTIMIZATION_LEVEL = 0;
				GCC_SYMBOLS_PRIVATE_EXTERN = NO;
				GCC_WARN_ABOUT_DEPRECATED_FUNCTIONS = YES;
				GCC_WARN_ABOUT_INVALID_OFFSETOF_MACRO = NO;
				GCC_WARN_ALLOW_INCOMPLETE_PROTOCOL = NO;
				GCC_WARN_UNINITIALIZED_AUTOS = NO;
				GCC_WARN_UNUSED_VALUE = NO;
				GCC_WARN_UNUSED_VARIABLE = NO;
				HEADER_SEARCH_PATHS = (
					"$(OF_CORE_HEADERS)",
					../../../../Development/openframeworks_master/addons/ofxXmlSettings/libs,
					../../../../Development/openframeworks_master/addons/ofxXmlSettings/src,
					../../../../Development/openframeworks_master/addons/ofxBlackmagic/libs,
					../../../../Development/openframeworks_master/addons/ofxBlackmagic/libs/DeckLink,
					../../../../Development/openframeworks_master/addons/ofxBlackmagic/libs/DeckLink/include,
					../../../../Development/openframeworks_master/addons/ofxBlackmagic/libs/DeckLink/src,
					../../../../Development/openframeworks_master/addons/ofxBlackmagic/src,
					../../../../Development/openframeworks_master/addons/ofxLibwebsockets/libs/jsoncpp,
					../../../../Development/openframeworks_master/addons/ofxLibwebsockets/libs/jsoncpp/json,
					../../../../Development/openframeworks_master/addons/ofxLibwebsockets/libs/libwebsockets/include/,
					../../../../Development/openframeworks_master/addons/ofxLibwebsockets/libs/ofxLibwebsockets/include,
					../../../../Development/openframeworks_master/addons/ofxLibwebsockets/libs/ofxLibwebsockets/include/ofxLibwebsockets,
					../../../../Development/openframeworks_master/addons/ofxLibwebsockets/libs/ofxLibwebsockets/src,
					../../../../Development/openframeworks_master/addons/ofxLibwebsockets/src,
					../../../../Development/openframeworks_master/addons/ofxUI/libs,
					../../../../Development/openframeworks_master/addons/ofxUI/src,
				);
				MACOSX_DEPLOYMENT_TARGET = 10.8;
				ONLY_ACTIVE_ARCH = YES;
				OTHER_CPLUSPLUSFLAGS = (
					"-D__MACOSX_CORE__",
					"-mtune=native",
				);
				OTHER_LDFLAGS = (
					"$(OF_CORE_FRAMEWORKS)",
					"$(OF_CORE_LIBS)",
					../../../../Development/openframeworks_master/addons/ofxLibwebsockets/libs/libwebsockets/lib/osx/libwebsockets.a,
				);
				SDKROOT = macosx;
			};
			name = Debug;
		};
		E4B69B4F0A3A1720003C02F2 /* Release */ = {
			isa = XCBuildConfiguration;
			buildSettings = {
				CONFIGURATION_BUILD_DIR = "$(SRCROOT)/bin/";
				COPY_PHASE_STRIP = YES;
				DEAD_CODE_STRIPPING = YES;
				GCC_AUTO_VECTORIZATION = YES;
				GCC_ENABLE_SSE3_EXTENSIONS = YES;
				GCC_ENABLE_SUPPLEMENTAL_SSE3_INSTRUCTIONS = YES;
				GCC_INLINES_ARE_PRIVATE_EXTERN = NO;
				GCC_OPTIMIZATION_LEVEL = 3;
				GCC_SYMBOLS_PRIVATE_EXTERN = NO;
				GCC_UNROLL_LOOPS = YES;
				GCC_WARN_ABOUT_DEPRECATED_FUNCTIONS = YES;
				GCC_WARN_ABOUT_INVALID_OFFSETOF_MACRO = NO;
				GCC_WARN_ALLOW_INCOMPLETE_PROTOCOL = NO;
				GCC_WARN_UNINITIALIZED_AUTOS = NO;
				GCC_WARN_UNUSED_VALUE = NO;
				GCC_WARN_UNUSED_VARIABLE = NO;
				HEADER_SEARCH_PATHS = (
					"$(OF_CORE_HEADERS)",
					../../../../Development/openframeworks_master/addons/ofxXmlSettings/libs,
					../../../../Development/openframeworks_master/addons/ofxXmlSettings/src,
					../../../../Development/openframeworks_master/addons/ofxBlackmagic/libs,
					../../../../Development/openframeworks_master/addons/ofxBlackmagic/libs/DeckLink,
					../../../../Development/openframeworks_master/addons/ofxBlackmagic/libs/DeckLink/include,
					../../../../Development/openframeworks_master/addons/ofxBlackmagic/libs/DeckLink/src,
					../../../../Development/openframeworks_master/addons/ofxBlackmagic/src,
					../../../../Development/openframeworks_master/addons/ofxLibwebsockets/libs/jsoncpp,
					../../../../Development/openframeworks_master/addons/ofxLibwebsockets/libs/jsoncpp/json,
					../../../../Development/openframeworks_master/addons/ofxLibwebsockets/libs/libwebsockets/include/,
					../../../../Development/openframeworks_master/addons/ofxLibwebsockets/libs/ofxLibwebsockets/include,
					../../../../Development/openframeworks_master/addons/ofxLibwebsockets/libs/ofxLibwebsockets/include/ofxLibwebsockets,
					../../../../Development/openframeworks_master/addons/ofxLibwebsockets/libs/ofxLibwebsockets/src,
					../../../../Development/openframeworks_master/addons/ofxLibwebsockets/src,
					../../../../Development/openframeworks_master/addons/ofxUI/libs,
					../../../../Development/openframeworks_master/addons/ofxUI/src,
				);
				MACOSX_DEPLOYMENT_TARGET = 10.8;
				OTHER_CPLUSPLUSFLAGS = (
					"-D__MACOSX_CORE__",
					"-mtune=native",
				);
				OTHER_LDFLAGS = (
					"$(OF_CORE_FRAMEWORKS)",
					"$(OF_CORE_LIBS)",
					../../../../Development/openframeworks_master/addons/ofxLibwebsockets/libs/libwebsockets/lib/osx/libwebsockets.a,
				);
				SDKROOT = macosx;
			};
			name = Release;
		};
		E4B69B600A3A1757003C02F2 /* Debug */ = {
			isa = XCBuildConfiguration;
			baseConfigurationReference = E4EB6923138AFD0F00A09F29 /* Project.xcconfig */;
			buildSettings = {
				ARCHS = "$(ARCHS_STANDARD_32_64_BIT)";
				COMBINE_HIDPI_IMAGES = YES;
				COPY_PHASE_STRIP = NO;
				FRAMEWORK_SEARCH_PATHS = "$(inherited)";
				FRAMEWORK_SEARCH_PATHS_QUOTED_FOR_TARGET_1 = "\"$(SRCROOT)/../../../../Development/openframeworks_master/libs/glut/lib/osx\"";
				GCC_DYNAMIC_NO_PIC = NO;
				GCC_GENERATE_DEBUGGING_SYMBOLS = YES;
				GCC_MODEL_TUNING = NONE;
				HEADER_SEARCH_PATHS = "$(OF_CORE_HEADERS)";
				ICON = "$(ICON_NAME_DEBUG)";
				ICON_FILE = "$(ICON_FILE_PATH)$(ICON)";
				INFOPLIST_FILE = "openFrameworks-Info.plist";
				INSTALL_PATH = "$(HOME)/Applications";
				LIBRARY_SEARCH_PATHS = (
					"$(inherited)",
					"$(OFX_LWS_SEARCH)",
				);
				OTHER_LDFLAGS = (
					"$(OF_CORE_FRAMEWORKS)",
					"$(OF_CORE_LIBS)",
				);
				PRODUCT_NAME = "$(TARGET_NAME)Debug";
				WRAPPER_EXTENSION = app;
			};
			name = Debug;
		};
		E4B69B610A3A1757003C02F2 /* Release */ = {
			isa = XCBuildConfiguration;
			baseConfigurationReference = E4EB6923138AFD0F00A09F29 /* Project.xcconfig */;
			buildSettings = {
				ARCHS = "$(ARCHS_STANDARD_32_64_BIT)";
				COMBINE_HIDPI_IMAGES = YES;
				COPY_PHASE_STRIP = YES;
				FRAMEWORK_SEARCH_PATHS = "$(inherited)";
				FRAMEWORK_SEARCH_PATHS_QUOTED_FOR_TARGET_1 = "\"$(SRCROOT)/../../../../Development/openframeworks_master/libs/glut/lib/osx\"";
				GCC_GENERATE_DEBUGGING_SYMBOLS = YES;
				GCC_MODEL_TUNING = NONE;
				HEADER_SEARCH_PATHS = "$(OF_CORE_HEADERS)";
				ICON = "$(ICON_NAME_RELEASE)";
				ICON_FILE = "$(ICON_FILE_PATH)$(ICON)";
				INFOPLIST_FILE = "openFrameworks-Info.plist";
				INSTALL_PATH = "$(HOME)/Applications";
				LIBRARY_SEARCH_PATHS = (
					"$(inherited)",
					"$(OFX_LWS_SEARCH)",
				);
				OTHER_LDFLAGS = (
					"$(OF_CORE_FRAMEWORKS)",
					"$(OF_CORE_LIBS)",
				);
				PRODUCT_NAME = "$(TARGET_NAME)";
				WRAPPER_EXTENSION = app;
				baseConfigurationReference = E4EB6923138AFD0F00A09F29;
			};
			name = Release;
		};
/* End XCBuildConfiguration section */

/* Begin XCConfigurationList section */
		E4B69B4D0A3A1720003C02F2 /* Build configuration list for PBXProject "example-ScreenLoggerChannel" */ = {
			isa = XCConfigurationList;
			buildConfigurations = (
				E4B69B4E0A3A1720003C02F2 /* Debug */,
				E4B69B4F0A3A1720003C02F2 /* Release */,
			);
			defaultConfigurationIsVisible = 0;
			defaultConfigurationName = Release;
		};
		E4B69B5F0A3A1757003C02F2 /* Build configuration list for PBXNativeTarget "example-ScreenLoggerChannel" */ = {
			isa = XCConfigurationList;
			buildConfigurations = (
				E4B69B600A3A1757003C02F2 /* Debug */,
				E4B69B610A3A1757003C02F2 /* Release */,
			);
			defaultConfigurationIsVisible = 0;
			defaultConfigurationName = Release;
		};
/* End XCConfigurationList section */
	};
	rootObject = E4B69B4C0A3A1720003C02F2 /* Project object */;
}
